
Microsoft Visual Studio Solution File, Format Version 12.00
# Visual Studio 15
VisualStudioVersion = 15.0.27130.2027
MinimumVisualStudioVersion = 10.0.40219.1
Project("{FAE04EC0-301F-11D3-BF4B-00C04F79EFBC}") = "stjosephs", "stjosephs\stjosephs.csproj", "{AA26E0AE-DD8B-489D-AD82-C56E5BADB7FC}"
EndProject
Global
	GlobalSection(SolutionConfigurationPlatforms) = preSolution
		Debug|Any CPU = Debug|Any CPU
		Release|Any CPU = Release|Any CPU
	EndGlobalSection
	GlobalSection(ProjectConfigurationPlatforms) = postSolution
		{AA26E0AE-DD8B-489D-AD82-C56E5BADB7FC}.Debug|Any CPU.ActiveCfg = Debug|Any CPU
		{AA26E0AE-DD8B-489D-AD82-C56E5BADB7FC}.Debug|Any CPU.Build.0 = Debug|Any CPU
		{AA26E0AE-DD8B-489D-AD82-C56E5BADB7FC}.Release|Any CPU.ActiveCfg = Release|Any CPU
		{AA26E0AE-DD8B-489D-AD82-C56E5BADB7FC}.Release|Any CPU.Build.0 = Release|Any CPU
	EndGlobalSection
	GlobalSection(SolutionProperties) = preSolution
		HideSolutionNode = FALSE
	EndGlobalSection
	GlobalSection(ExtensibilityGlobals) = postSolution
		SolutionGuid = {C507E339-1071-4523-BE61-F80855AE66BE}
	EndGlobalSection
EndGlobal
